PODS:
  - ffmpeg-kit-ios-full (6.0)
  - VIAudioKit/Core (0.1.0)
  - VIAudioKit/FFmpeg (0.1.0):
    - ffmpeg-kit-ios-full
    - VIAudioKit/Core

DEPENDENCIES:
  - ffmpeg-kit-ios-full (from `https://raw.githubusercontent.com/luthviar/ffmpeg-kit-ios-full/main/ffmpeg-kit-ios-full.podspec`)
  - VIAudioKit/Core (from `../`)
  - VIAudioKit/FFmpeg (from `../`)

EXTERNAL SOURCES:
  ffmpeg-kit-ios-full:
    :podspec: https://raw.githubusercontent.com/luthviar/ffmpeg-kit-ios-full/main/ffmpeg-kit-ios-full.podspec
  VIAudioKit:
    :path: "../"

SPEC CHECKSUMS:
  ffmpeg-kit-ios-full: 2da77324b0e9fb007195ab6661f64be4cf31dc12
  VIAudioKit: e9bf01ef2d3d7f6bf51823122f2d8739bbfd8d69

PODFILE CHECKSUM: 2828a81d9de363e26ef6a6375794d6ead2d5c079

COCOAPODS: 1.16.2
